
Microsoft Visual Studio Solution File, Format Version 12.00
# Visual Studio 14
VisualStudioVersion = 14.0.25420.1
MinimumVisualStudioVersion = 10.0.40219.1
Project("{FAE04EC0-301F-11D3-BF4B-00C04F79EFBC}") = "AppShell", "AppShell\AppShell.csproj", "{8437788B-C641-4804-862F-B336CF3C25C1}"
EndProject
Project("{2150E333-8FDC-42A3-9474-1A3956D46DE8}") = "Solution Items", "Solution Items", "{14CE8E54-D310-4A63-899F-CB67F4A99924}"
	ProjectSection(SolutionItems) = preProject
		LICENSE.md = LICENSE.md
		README.md = README.md
	EndProjectSection
EndProject
Project("{FAE04EC0-301F-11D3-BF4B-00C04F79EFBC}") = "AppShell.TestApp", "AppShell.TestApp\AppShell.TestApp.csproj", "{D5876409-41FD-42C1-9B93-9C3D6AC8AB54}"
EndProject
Project("{FF286327-C783-4F7A-AB73-9BCBAD0D4460}") = "NuGet", "NuGet\NuGet.nuproj", "{6C4DDA3E-E637-42E4-BD8C-33FA100EC75E}"
EndProject
Global
	GlobalSection(SolutionConfigurationPlatforms) = preSolution
		Debug|Any CPU = Debug|Any CPU
		Debug|ARM = Debug|ARM
		Debug|x64 = Debug|x64
		Debug|x86 = Debug|x86
		Release|Any CPU = Release|Any CPU
		Release|ARM = Release|ARM
		Release|x64 = Release|x64
		Release|x86 = Release|x86
	EndGlobalSection
	GlobalSection(ProjectConfigurationPlatforms) = postSolution
		{8437788B-C641-4804-862F-B336CF3C25C1}.Debug|Any CPU.ActiveCfg = Debug|Any CPU
		{8437788B-C641-4804-862F-B336CF3C25C1}.Debug|Any CPU.Build.0 = Debug|Any CPU
		{8437788B-C641-4804-862F-B336CF3C25C1}.Debug|Any CPU.Deploy.0 = Debug|Any CPU
		{8437788B-C641-4804-862F-B336CF3C25C1}.Debug|ARM.ActiveCfg = Debug|ARM
		{8437788B-C641-4804-862F-B336CF3C25C1}.Debug|ARM.Build.0 = Debug|ARM
		{8437788B-C641-4804-862F-B336CF3C25C1}.Debug|x64.ActiveCfg = Debug|x64
		{8437788B-C641-4804-862F-B336CF3C25C1}.Debug|x64.Build.0 = Debug|x64
		{8437788B-C641-4804-862F-B336CF3C25C1}.Debug|x86.ActiveCfg = Debug|x86
		{8437788B-C641-4804-862F-B336CF3C25C1}.Debug|x86.Build.0 = Debug|x86
		{8437788B-C641-4804-862F-B336CF3C25C1}.Release|Any CPU.ActiveCfg = Release|Any CPU
		{8437788B-C641-4804-862F-B336CF3C25C1}.Release|Any CPU.Build.0 = Release|Any CPU
		{8437788B-C641-4804-862F-B336CF3C25C1}.Release|ARM.ActiveCfg = Release|ARM
		{8437788B-C641-4804-862F-B336CF3C25C1}.Release|ARM.Build.0 = Release|ARM
		{8437788B-C641-4804-862F-B336CF3C25C1}.Release|x64.ActiveCfg = Release|x64
		{8437788B-C641-4804-862F-B336CF3C25C1}.Release|x64.Build.0 = Release|x64
		{8437788B-C641-4804-862F-B336CF3C25C1}.Release|x86.ActiveCfg = Release|x86
		{8437788B-C641-4804-862F-B336CF3C25C1}.Release|x86.Build.0 = Release|x86
		{D5876409-41FD-42C1-9B93-9C3D6AC8AB54}.Debug|Any CPU.ActiveCfg = Debug|x86
		{D5876409-41FD-42C1-9B93-9C3D6AC8AB54}.Debug|Any CPU.Build.0 = Debug|x86
		{D5876409-41FD-42C1-9B93-9C3D6AC8AB54}.Debug|Any CPU.Deploy.0 = Debug|x86
		{D5876409-41FD-42C1-9B93-9C3D6AC8AB54}.Debug|ARM.ActiveCfg = Debug|ARM
		{D5876409-41FD-42C1-9B93-9C3D6AC8AB54}.Debug|ARM.Build.0 = Debug|ARM
		{D5876409-41FD-42C1-9B93-9C3D6AC8AB54}.Debug|ARM.Deploy.0 = Debug|ARM
		{D5876409-41FD-42C1-9B93-9C3D6AC8AB54}.Debug|x64.ActiveCfg = Debug|x64
		{D5876409-41FD-42C1-9B93-9C3D6AC8AB54}.Debug|x64.Build.0 = Debug|x64
		{D5876409-41FD-42C1-9B93-9C3D6AC8AB54}.Debug|x64.Deploy.0 = Debug|x64
		{D5876409-41FD-42C1-9B93-9C3D6AC8AB54}.Debug|x86.ActiveCfg = Debug|x86
		{D5876409-41FD-42C1-9B93-9C3D6AC8AB54}.Debug|x86.Build.0 = Debug|x86
		{D5876409-41FD-42C1-9B93-9C3D6AC8AB54}.Debug|x86.Deploy.0 = Debug|x86
		{D5876409-41FD-42C1-9B93-9C3D6AC8AB54}.Release|Any CPU.ActiveCfg = Release|x86
		{D5876409-41FD-42C1-9B93-9C3D6AC8AB54}.Release|ARM.ActiveCfg = Release|ARM
		{D5876409-41FD-42C1-9B93-9C3D6AC8AB54}.Release|ARM.Build.0 = Release|ARM
		{D5876409-41FD-42C1-9B93-9C3D6AC8AB54}.Release|ARM.Deploy.0 = Release|ARM
		{D5876409-41FD-42C1-9B93-9C3D6AC8AB54}.Release|x64.ActiveCfg = Release|x64
		{D5876409-41FD-42C1-9B93-9C3D6AC8AB54}.Release|x64.Build.0 = Release|x64
		{D5876409-41FD-42C1-9B93-9C3D6AC8AB54}.Release|x64.Deploy.0 = Release|x64
		{D5876409-41FD-42C1-9B93-9C3D6AC8AB54}.Release|x86.ActiveCfg = Release|x86
		{D5876409-41FD-42C1-9B93-9C3D6AC8AB54}.Release|x86.Build.0 = Release|x86
		{D5876409-41FD-42C1-9B93-9C3D6AC8AB54}.Release|x86.Deploy.0 = Release|x86
		{6C4DDA3E-E637-42E4-BD8C-33FA100EC75E}.Debug|Any CPU.ActiveCfg = Debug|Any CPU
		{6C4DDA3E-E637-42E4-BD8C-33FA100EC75E}.Debug|ARM.ActiveCfg = Debug|Any CPU
		{6C4DDA3E-E637-42E4-BD8C-33FA100EC75E}.Debug|ARM.Build.0 = Debug|Any CPU
		{6C4DDA3E-E637-42E4-BD8C-33FA100EC75E}.Debug|x64.ActiveCfg = Debug|Any CPU
		{6C4DDA3E-E637-42E4-BD8C-33FA100EC75E}.Debug|x64.Build.0 = Debug|Any CPU
		{6C4DDA3E-E637-42E4-BD8C-33FA100EC75E}.Debug|x86.ActiveCfg = Debug|Any CPU
		{6C4DDA3E-E637-42E4-BD8C-33FA100EC75E}.Debug|x86.Build.0 = Debug|Any CPU
		{6C4DDA3E-E637-42E4-BD8C-33FA100EC75E}.Release|Any CPU.ActiveCfg = Release|Any CPU
		{6C4DDA3E-E637-42E4-BD8C-33FA100EC75E}.Release|Any CPU.Build.0 = Release|Any CPU
		{6C4DDA3E-E637-42E4-BD8C-33FA100EC75E}.Release|ARM.ActiveCfg = Release|Any CPU
		{6C4DDA3E-E637-42E4-BD8C-33FA100EC75E}.Release|ARM.Build.0 = Release|Any CPU
		{6C4DDA3E-E637-42E4-BD8C-33FA100EC75E}.Release|x64.ActiveCfg = Release|Any CPU
		{6C4DDA3E-E637-42E4-BD8C-33FA100EC75E}.Release|x64.Build.0 = Release|Any CPU
		{6C4DDA3E-E637-42E4-BD8C-33FA100EC75E}.Release|x86.ActiveCfg = Release|Any CPU
		{6C4DDA3E-E637-42E4-BD8C-33FA100EC75E}.Release|x86.Build.0 = Release|Any CPU
	EndGlobalSection
	GlobalSection(SolutionProperties) = preSolution
		HideSolutionNode = FALSE
	EndGlobalSection
EndGlobal
