
Microsoft Visual Studio Solution File, Format Version 12.00
# Visual Studio 14
VisualStudioVersion = 14.0.24720.0
MinimumVisualStudioVersion = 10.0.40219.1
Project("{FAE04EC0-301F-11D3-BF4B-00C04F79EFBC}") = "AppShell", "AppShell\AppShell.csproj", "{8437788B-C641-4804-862F-B336CF3C25C1}"
EndProject
Project("{2150E333-8FDC-42A3-9474-1A3956D46DE8}") = "Solution Items", "Solution Items", "{14CE8E54-D310-4A63-899F-CB67F4A99924}"
	ProjectSection(SolutionItems) = preProject
		LICENSE.md = LICENSE.md
		README.md = README.md
	EndProjectSection
EndProject
Global
	GlobalSection(SolutionConfigurationPlatforms) = preSolution
		Debug|Any CPU = Debug|Any CPU
		Debug|ARM = Debug|ARM
		Debug|x64 = Debug|x64
		Debug|x86 = Debug|x86
		Release|Any CPU = Release|Any CPU
		Release|ARM = Release|ARM
		Release|x64 = Release|x64
		Release|x86 = Release|x86
	EndGlobalSection
	GlobalSection(ProjectConfigurationPlatforms) = postSolution
		{8437788B-C641-4804-862F-B336CF3C25C1}.Debug|Any CPU.ActiveCfg = Debug|Any CPU
		{8437788B-C641-4804-862F-B336CF3C25C1}.Debug|Any CPU.Build.0 = Debug|Any CPU
		{8437788B-C641-4804-862F-B336CF3C25C1}.Debug|ARM.ActiveCfg = Debug|ARM
		{8437788B-C641-4804-862F-B336CF3C25C1}.Debug|ARM.Build.0 = Debug|ARM
		{8437788B-C641-4804-862F-B336CF3C25C1}.Debug|x64.ActiveCfg = Debug|x64
		{8437788B-C641-4804-862F-B336CF3C25C1}.Debug|x64.Build.0 = Debug|x64
		{8437788B-C641-4804-862F-B336CF3C25C1}.Debug|x86.ActiveCfg = Debug|x86
		{8437788B-C641-4804-862F-B336CF3C25C1}.Debug|x86.Build.0 = Debug|x86
		{8437788B-C641-4804-862F-B336CF3C25C1}.Release|Any CPU.ActiveCfg = Release|Any CPU
		{8437788B-C641-4804-862F-B336CF3C25C1}.Release|Any CPU.Build.0 = Release|Any CPU
		{8437788B-C641-4804-862F-B336CF3C25C1}.Release|ARM.ActiveCfg = Release|ARM
		{8437788B-C641-4804-862F-B336CF3C25C1}.Release|ARM.Build.0 = Release|ARM
		{8437788B-C641-4804-862F-B336CF3C25C1}.Release|x64.ActiveCfg = Release|x64
		{8437788B-C641-4804-862F-B336CF3C25C1}.Release|x64.Build.0 = Release|x64
		{8437788B-C641-4804-862F-B336CF3C25C1}.Release|x86.ActiveCfg = Release|x86
		{8437788B-C641-4804-862F-B336CF3C25C1}.Release|x86.Build.0 = Release|x86
	EndGlobalSection
	GlobalSection(SolutionProperties) = preSolution
		HideSolutionNode = FALSE
	EndGlobalSection
EndGlobal
